
Microsoft Visual Studio Solution File, Format Version 12.00
# Visual Studio Version 17
VisualStudioVersion = 17.11.35303.130
MinimumVisualStudioVersion = 10.0.40219.1
Project("{FAE04EC0-301F-11D3-BF4B-00C04F79EFBC}") = "e_commerce_carrello_lista", "e_commerce_carrello_lista.csproj", "{7619ABE8-669B-4298-8F2F-ABD239B1612C}"
EndProject
Global
	GlobalSection(SolutionConfigurationPlatforms) = preSolution
		Debug|Any CPU = Debug|Any CPU
		Release|Any CPU = Release|Any CPU
	EndGlobalSection
	GlobalSection(ProjectConfigurationPlatforms) = postSolution
		{7619ABE8-669B-4298-8F2F-ABD239B1612C}.Debug|Any CPU.ActiveCfg = Debug|Any CPU
		{7619ABE8-669B-4298-8F2F-ABD239B1612C}.Debug|Any CPU.Build.0 = Debug|Any CPU
		{7619ABE8-669B-4298-8F2F-ABD239B1612C}.Release|Any CPU.ActiveCfg = Release|Any CPU
		{7619ABE8-669B-4298-8F2F-ABD239B1612C}.Release|Any CPU.Build.0 = Release|Any CPU
	EndGlobalSection
	GlobalSection(SolutionProperties) = preSolution
		HideSolutionNode = FALSE
	EndGlobalSection
	GlobalSection(ExtensibilityGlobals) = postSolution
		SolutionGuid = {68D1A285-DA93-4D52-9346-3AB76B7B7053}
	EndGlobalSection
EndGlobal
